
Microsoft Visual Studio Solution File, Format Version 12.00
# Visual Studio Version 17
VisualStudioVersion = 17.6.33829.357
MinimumVisualStudioVersion = 10.0.40219.1
Project("{9A19103F-16F7-4668-BE54-9A1E7A4F7556}") = "APICRUD", "APICRUD\APICRUD.csproj", "{469BCF58-CDE7-42B6-B368-E0C796C9FABE}"
EndProject
Project("{9A19103F-16F7-4668-BE54-9A1E7A4F7556}") = "WEB", "WEB\WEB.csproj", "{C53D5996-2129-44BF-BFC1-C2684447B68C}"
EndProject
Global
	GlobalSection(SolutionConfigurationPlatforms) = preSolution
		Debug|Any CPU = Debug|Any CPU
		Release|Any CPU = Release|Any CPU
	EndGlobalSection
	GlobalSection(ProjectConfigurationPlatforms) = postSolution
		{469BCF58-CDE7-42B6-B368-E0C796C9FABE}.Debug|Any CPU.ActiveCfg = Debug|Any CPU
		{469BCF58-CDE7-42B6-B368-E0C796C9FABE}.Debug|Any CPU.Build.0 = Debug|Any CPU
		{469BCF58-CDE7-42B6-B368-E0C796C9FABE}.Release|Any CPU.ActiveCfg = Release|Any CPU
		{469BCF58-CDE7-42B6-B368-E0C796C9FABE}.Release|Any CPU.Build.0 = Release|Any CPU
		{C53D5996-2129-44BF-BFC1-C2684447B68C}.Debug|Any CPU.ActiveCfg = Debug|Any CPU
		{C53D5996-2129-44BF-BFC1-C2684447B68C}.Debug|Any CPU.Build.0 = Debug|Any CPU
		{C53D5996-2129-44BF-BFC1-C2684447B68C}.Release|Any CPU.ActiveCfg = Release|Any CPU
		{C53D5996-2129-44BF-BFC1-C2684447B68C}.Release|Any CPU.Build.0 = Release|Any CPU
	EndGlobalSection
	GlobalSection(SolutionProperties) = preSolution
		HideSolutionNode = FALSE
	EndGlobalSection
	GlobalSection(ExtensibilityGlobals) = postSolution
		SolutionGuid = {C4317F2F-B72F-40A6-BE11-77F245E7AD1F}
	EndGlobalSection
EndGlobal
